PODS:
  - ReachabilitySwift (5.0.0)
  - Realm (4.4.1):
    - Realm/Headers (= 4.4.1)
  - Realm/Headers (4.4.1)
  - RealmSwift (4.4.1):
    - Realm (= 4.4.1)

DEPENDENCIES:
  - ReachabilitySwift
  - RealmSwift

SPEC REPOS:
  trunk:
    - ReachabilitySwift
    - Realm
    - RealmSwift

SPEC CHECKSUMS:
  ReachabilitySwift: 985039c6f7b23a1da463388634119492ff86c825
  Realm: 4eb04d7487bd43c0581256f40b424eafb711deff
  RealmSwift: 3eb8924ff7100df5928c7602f71d0fec51e7c9c5

PODFILE CHECKSUM: 7e51a813b1e2e3a6bf408a05ce78151577bd99c6

COCOAPODS: 1.9.1
